
Microsoft Visual Studio Solution File, Format Version 12.00
# Visual Studio 15
VisualStudioVersion = 15.0.28307.757
MinimumVisualStudioVersion = 10.0.40219.1
Project("{FAE04EC0-301F-11D3-BF4B-00C04F79EFBC}") = "EmployeeDLLLibrary", "EmployeeDLLLibrary\EmployeeDLLLibrary.csproj", "{454D529F-4D75-4946-996B-54B2595577EC}"
EndProject
Global
	GlobalSection(SolutionConfigurationPlatforms) = preSolution
		Debug|Any CPU = Debug|Any CPU
		Release|Any CPU = Release|Any CPU
	EndGlobalSection
	GlobalSection(ProjectConfigurationPlatforms) = postSolution
		{454D529F-4D75-4946-996B-54B2595577EC}.Debug|Any CPU.ActiveCfg = Debug|Any CPU
		{454D529F-4D75-4946-996B-54B2595577EC}.Debug|Any CPU.Build.0 = Debug|Any CPU
		{454D529F-4D75-4946-996B-54B2595577EC}.Release|Any CPU.ActiveCfg = Release|Any CPU
		{454D529F-4D75-4946-996B-54B2595577EC}.Release|Any CPU.Build.0 = Release|Any CPU
	EndGlobalSection
	GlobalSection(SolutionProperties) = preSolution
		HideSolutionNode = FALSE
	EndGlobalSection
	GlobalSection(ExtensibilityGlobals) = postSolution
		SolutionGuid = {A3C5A923-C47B-44E5-B2B2-013E9014443A}
	EndGlobalSection
EndGlobal
